
Microsoft Visual Studio Solution File, Format Version 12.00
# Visual Studio Version 16
VisualStudioVersion = 16.0.30717.126
MinimumVisualStudioVersion = 10.0.40219.1
Project("{FAE04EC0-301F-11D3-BF4B-00C04F79EFBC}") = "k2", "k2\k2.csproj", "{F04650F6-2040-4EE9-83C1-397B2B90FF72}"
EndProject
Global
	GlobalSection(SolutionConfigurationPlatforms) = preSolution
		Debug|Any CPU = Debug|Any CPU
		Release|Any CPU = Release|Any CPU
	EndGlobalSection
	GlobalSection(ProjectConfigurationPlatforms) = postSolution
		{F04650F6-2040-4EE9-83C1-397B2B90FF72}.Debug|Any CPU.ActiveCfg = Debug|Any CPU
		{F04650F6-2040-4EE9-83C1-397B2B90FF72}.Debug|Any CPU.Build.0 = Debug|Any CPU
		{F04650F6-2040-4EE9-83C1-397B2B90FF72}.Release|Any CPU.ActiveCfg = Release|Any CPU
		{F04650F6-2040-4EE9-83C1-397B2B90FF72}.Release|Any CPU.Build.0 = Release|Any CPU
	EndGlobalSection
	GlobalSection(SolutionProperties) = preSolution
		HideSolutionNode = FALSE
	EndGlobalSection
	GlobalSection(ExtensibilityGlobals) = postSolution
		SolutionGuid = {9B427037-8327-47AA-897D-74766CC23581}
	EndGlobalSection
EndGlobal
